
Microsoft Visual Studio Solution File, Format Version 12.00
# Visual Studio Version 17
VisualStudioVersion = 17.1.32421.90
MinimumVisualStudioVersion = 10.0.40219.1
Project("{FAE04EC0-301F-11D3-BF4B-00C04F79EFBC}") = "GraphxOrtho", "GraphxOrtho\GraphxOrtho.csproj", "{BA08E120-BCB5-4A84-9816-17053CADF4CA}"
EndProject
Project("{FAE04EC0-301F-11D3-BF4B-00C04F79EFBC}") = "Test", "Test\Test.csproj", "{5471E54C-5FFC-4D3D-A3C3-8FA9238006F0}"
EndProject
Project("{FAE04EC0-301F-11D3-BF4B-00C04F79EFBC}") = "OrthogonalER", "OrthogonalER\OrthogonalER.csproj", "{79DDD85F-45FF-4446-ACAC-6314C3A73B00}"
EndProject
Global
	GlobalSection(SolutionConfigurationPlatforms) = preSolution
		Debug|Any CPU = Debug|Any CPU
		Release|Any CPU = Release|Any CPU
	EndGlobalSection
	GlobalSection(ProjectConfigurationPlatforms) = postSolution
		{BA08E120-BCB5-4A84-9816-17053CADF4CA}.Debug|Any CPU.ActiveCfg = Debug|Any CPU
		{BA08E120-BCB5-4A84-9816-17053CADF4CA}.Debug|Any CPU.Build.0 = Debug|Any CPU
		{BA08E120-BCB5-4A84-9816-17053CADF4CA}.Release|Any CPU.ActiveCfg = Release|Any CPU
		{BA08E120-BCB5-4A84-9816-17053CADF4CA}.Release|Any CPU.Build.0 = Release|Any CPU
		{5471E54C-5FFC-4D3D-A3C3-8FA9238006F0}.Debug|Any CPU.ActiveCfg = Debug|Any CPU
		{5471E54C-5FFC-4D3D-A3C3-8FA9238006F0}.Debug|Any CPU.Build.0 = Debug|Any CPU
		{5471E54C-5FFC-4D3D-A3C3-8FA9238006F0}.Release|Any CPU.ActiveCfg = Release|Any CPU
		{5471E54C-5FFC-4D3D-A3C3-8FA9238006F0}.Release|Any CPU.Build.0 = Release|Any CPU
		{79DDD85F-45FF-4446-ACAC-6314C3A73B00}.Debug|Any CPU.ActiveCfg = Debug|Any CPU
		{79DDD85F-45FF-4446-ACAC-6314C3A73B00}.Debug|Any CPU.Build.0 = Debug|Any CPU
		{79DDD85F-45FF-4446-ACAC-6314C3A73B00}.Release|Any CPU.ActiveCfg = Release|Any CPU
		{79DDD85F-45FF-4446-ACAC-6314C3A73B00}.Release|Any CPU.Build.0 = Release|Any CPU
	EndGlobalSection
	GlobalSection(SolutionProperties) = preSolution
		HideSolutionNode = FALSE
	EndGlobalSection
	GlobalSection(ExtensibilityGlobals) = postSolution
		SolutionGuid = {629C0BEF-FBF6-4581-9A6B-29680DC48746}
	EndGlobalSection
EndGlobal
